// !$*UTF8*$!
{
	archiveVersion = 1;
	classes = {
	};
	objectVersion = 50;
	objects = {

/* Begin PBXBuildFile section */
		04E852FC2161BC6D00F8C439 /* AppDelegate.swift in Sources */ = {isa = PBXBuildFile; fileRef = 04E852FB2161BC6D00F8C439 /* AppDelegate.swift */; };
		04E852FE2161BC6D00F8C439 /* ViewController.swift in Sources */ = {isa = PBXBuildFile; fileRef = 04E852FD2161BC6D00F8C439 /* ViewController.swift */; };
		04E853012161BC6E00F8C439 /* Main.storyboard in Resources */ = {isa = PBXBuildFile; fileRef = 04E852FF2161BC6E00F8C439 /* Main.storyboard */; };
		04E853032161BC6F00F8C439 /* Assets.xcassets in Resources */ = {isa = PBXBuildFile; fileRef = 04E853022161BC6F00F8C439 /* Assets.xcassets */; };
		04E853062161BC6F00F8C439 /* LaunchScreen.storyboard in Resources */ = {isa = PBXBuildFile; fileRef = 04E853042161BC6F00F8C439 /* LaunchScreen.storyboard */; };
		04E8530E2161C8CB00F8C439 /* CollectionViewController.swift in Sources */ = {isa = PBXBuildFile; fileRef = 04E8530D2161C8CB00F8C439 /* CollectionViewController.swift */; };
		04E853102162578A00F8C439 /* PhotoView.swift in Sources */ = {isa = PBXBuildFile; fileRef = 04E8530F2162578A00F8C439 /* PhotoView.swift */; };
/* End PBXBuildFile section */

/* Begin PBXFileReference section */
		04E852F82161BC6D00F8C439 /* Book Logger.app */ = {isa = PBXFileReference; explicitFileType = wrapper.application; includeInIndex = 0; path = "Book Logger.app"; sourceTree = BUILT_PRODUCTS_DIR; };
		04E852FB2161BC6D00F8C439 /* AppDelegate.swift */ = {isa = PBXFileReference; lastKnownFileType = sourcecode.swift; path = AppDelegate.swift; sourceTree = "<group>"; };
		04E852FD2161BC6D00F8C439 /* ViewController.swift */ = {isa = PBXFileReference; lastKnownFileType = sourcecode.swift; path = ViewController.swift; sourceTree = "<group>"; };
		04E853002161BC6E00F8C439 /* Base */ = {isa = PBXFileReference; lastKnownFileType = file.storyboard; name = Base; path = Base.lproj/Main.storyboard; sourceTree = "<group>"; };
		04E853022161BC6F00F8C439 /* Assets.xcassets */ = {isa = PBXFileReference; lastKnownFileType = folder.assetcatalog; path = Assets.xcassets; sourceTree = "<group>"; };
		04E853052161BC6F00F8C439 /* Base */ = {isa = PBXFileReference; lastKnownFileType = file.storyboard; name = Base; path = Base.lproj/LaunchScreen.storyboard; sourceTree = "<group>"; };
		04E853072161BC6F00F8C439 /* Info.plist */ = {isa = PBXFileReference; lastKnownFileType = text.plist.xml; path = Info.plist; sourceTree = "<group>"; };
		04E8530D2161C8CB00F8C439 /* CollectionViewController.swift */ = {isa = PBXFileReference; lastKnownFileType = sourcecode.swift; path = CollectionViewController.swift; sourceTree = "<group>"; };
		04E8530F2162578A00F8C439 /* PhotoView.swift */ = {isa = PBXFileReference; lastKnownFileType = sourcecode.swift; path = PhotoView.swift; sourceTree = "<group>"; };
/* End PBXFileReference section */

/* Begin PBXFrameworksBuildPhase section */
		04E852F52161BC6D00F8C439 /* Frameworks */ = {
			isa = PBXFrameworksBuildPhase;
			buildActionMask = 2147483647;
			files = (
			);
			runOnlyForDeploymentPostprocessing = 0;
		};
/* End PBXFrameworksBuildPhase section */

/* Begin PBXGroup section */
		04E852EF2161BC6D00F8C439 = {
			isa = PBXGroup;
			children = (
				04E852FA2161BC6D00F8C439 /* Book Logger */,
				04E852F92161BC6D00F8C439 /* Products */,
			);
			sourceTree = "<group>";
		};
		04E852F92161BC6D00F8C439 /* Products */ = {
			isa = PBXGroup;
			children = (
				04E852F82161BC6D00F8C439 /* Book Logger.app */,
			);
			name = Products;
			sourceTree = "<group>";
		};
		04E852FA2161BC6D00F8C439 /* Book Logger */ = {
			isa = PBXGroup;
			children = (
				04E852FB2161BC6D00F8C439 /* AppDelegate.swift */,
				04E852FD2161BC6D00F8C439 /* ViewController.swift */,
				04E852FF2161BC6E00F8C439 /* Main.storyboard */,
				04E853022161BC6F00F8C439 /* Assets.xcassets */,
				04E853042161BC6F00F8C439 /* LaunchScreen.storyboard */,
				04E853072161BC6F00F8C439 /* Info.plist */,
				04E8530D2161C8CB00F8C439 /* CollectionViewController.swift */,
				04E8530F2162578A00F8C439 /* PhotoView.swift */,
			);
			path = "Book Logger";
			sourceTree = "<group>";
		};
/* End PBXGroup section */

/* Begin PBXNativeTarget section */
		04E852F72161BC6D00F8C439 /* Book Logger */ = {
			isa = PBXNativeTarget;
			buildConfigurationList = 04E8530A2161BC6F00F8C439 /* Build configuration list for PBXNativeTarget "Book Logger" */;
			buildPhases = (
				04E852F42161BC6D00F8C439 /* Sources */,
				04E852F52161BC6D00F8C439 /* Frameworks */,
				04E852F62161BC6D00F8C439 /* Resources */,
			);
			buildRules = (
			);
			dependencies = (
			);
			name = "Book Logger";
			productName = "Book Logger";
			productReference = 04E852F82161BC6D00F8C439 /* Book Logger.app */;
			productType = "com.apple.product-type.application";
		};
/* End PBXNativeTarget section */

/* Begin PBXProject section */
		04E852F02161BC6D00F8C439 /* Project object */ = {
			isa = PBXProject;
			attributes = {
				LastSwiftUpdateCheck = 1000;
				LastUpgradeCheck = 1000;
				ORGANIZATIONNAME = NC;
				TargetAttributes = {
					04E852F72161BC6D00F8C439 = {
						CreatedOnToolsVersion = 10.0;
					};
				};
			};
			buildConfigurationList = 04E852F32161BC6D00F8C439 /* Build configuration list for PBXProject "Book Logger" */;
			compatibilityVersion = "Xcode 9.3";
			developmentRegion = en;
			hasScannedForEncodings = 0;
			knownRegions = (
				en,
				Base,
			);
			mainGroup = 04E852EF2161BC6D00F8C439;
			productRefGroup = 04E852F92161BC6D00F8C439 /* Products */;
			projectDirPath = "";
			projectRoot = "";
			targets = (
				04E852F72161BC6D00F8C439 /* Book Logger */,
			);
		};
/* End PBXProject section */

/* Begin PBXResourcesBuildPhase section */
		04E852F62161BC6D00F8C439 /* Resources */ = {
			isa = PBXResourcesBuildPhase;
			buildActionMask = 2147483647;
			files = (
				04E853062161BC6F00F8C439 /* LaunchScreen.storyboard in Resources */,
				04E853032161BC6F00F8C439 /* Assets.xcassets in Resources */,
				04E853012161BC6E00F8C439 /* Main.storyboard in Resources */,
			);
			runOnlyForDeploymentPostprocessing = 0;
		};
/* End PBXResourcesBuildPhase section */

/* Begin PBXSourcesBuildPhase section */
		04E852F42161BC6D00F8C439 /* Sources */ = {
			isa = PBXSourcesBuildPhase;
			buildActionMask = 2147483647;
			files = (
				04E8530E2161C8CB00F8C439 /* CollectionViewController.swift in Sources */,
				04E852FE2161BC6D00F8C439 /* ViewController.swift in Sources */,
				04E852FC2161BC6D00F8C439 /* AppDelegate.swift in Sources */,
				04E853102162578A00F8C439 /* PhotoView.swift in Sources */,
			);
			runOnlyForDeploymentPostprocessing = 0;
		};
/* End PBXSourcesBuildPhase section */

/* Begin PBXVariantGroup section */
		04E852FF2161BC6E00F8C439 /* Main.storyboard */ = {
			isa = PBXVariantGroup;
			children = (
				04E853002161BC6E00F8C439 /* Base */,
			);
			name = Main.storyboard;
			sourceTree = "<group>";
		};
		04E853042161BC6F00F8C439 /* LaunchScreen.storyboard */ = {
			isa = PBXVariantGroup;
			children = (
				04E853052161BC6F00F8C439 /* Base */,
			);
			name = LaunchScreen.storyboard;
			sourceTree = "<group>";
		};
/* End PBXVariantGroup section */

/* Begin XCBuildConfiguration section */
		04E853082161BC6F00F8C439 /* Debug */ = {
			isa = XCBuildConfiguration;
			buildSettings = {
				ALWAYS_SEARCH_USER_PATHS = NO;
				CLANG_ANALYZER_NONNULL = YES;
				CLANG_ANALYZER_NUMBER_OBJECT_CONVERSION = YES_AGGRESSIVE;
				CLANG_CXX_LANGUAGE_STANDARD = "gnu++14";
				CLANG_CXX_LIBRARY = "libc++";
				CLANG_ENABLE_MODULES = YES;
				CLANG_ENABLE_OBJC_ARC = YES;
				CLANG_ENABLE_OBJC_WEAK = YES;
				CLANG_WARN_BLOCK_CAPTURE_AUTORELEASING = YES;
				CLANG_WARN_BOOL_CONVERSION = YES;
				CLANG_WARN_COMMA = YES;
				CLANG_WARN_CONSTANT_CONVERSION = YES;
				CLANG_WARN_DEPRECATED_OBJC_IMPLEMENTATIONS = YES;
				CLANG_WARN_DIRECT_OBJC_ISA_USAGE = YES_ERROR;
				CLANG_WARN_DOCUMENTATION_COMMENTS = YES;
				CLANG_WARN_EMPTY_BODY = YES;
				CLANG_WARN_ENUM_CONVERSION = YES;
				CLANG_WARN_INFINITE_RECURSION = YES;
				CLANG_WARN_INT_CONVERSION = YES;
				CLANG_WARN_NON_LITERAL_NULL_CONVERSION = YES;
				CLANG_WARN_OBJC_IMPLICIT_RETAIN_SELF = YES;
				CLANG_WARN_OBJC_LITERAL_CONVERSION = YES;
				CLANG_WARN_OBJC_ROOT_CLASS = YES_ERROR;
				CLANG_WARN_RANGE_LOOP_ANALYSIS = YES;
				CLANG_WARN_STRICT_PROTOTYPES = YES;
				CLANG_WARN_SUSPICIOUS_MOVE = YES;
				CLANG_WARN_UNGUARDED_AVAILABILITY = YES_AGGRESSIVE;
				CLANG_WARN_UNREACHABLE_CODE = YES;
				CLANG_WARN__DUPLICATE_METHOD_MATCH = YES;
				CODE_SIGN_IDENTITY = "iPhone Developer";
				COPY_PHASE_STRIP = NO;
				DEBUG_INFORMATION_FORMAT = dwarf;
				ENABLE_STRICT_OBJC_MSGSEND = YES;
				ENABLE_TESTABILITY = YES;
				GCC_C_LANGUAGE_STANDARD = gnu11;
				GCC_DYNAMIC_NO_PIC = NO;
				GCC_NO_COMMON_BLOCKS = YES;
				GCC_OPTIMIZATION_LEVEL = 0;
				GCC_PREPROCESSOR_DEFINITIONS = (
					"DEBUG=1",
					"$(inherited)",
				);
				GCC_WARN_64_TO_32_BIT_CONVERSION = YES;
				GCC_WARN_ABOUT_RETURN_TYPE = YES_ERROR;
				GCC_WARN_UNDECLARED_SELECTOR = YES;
				GCC_WARN_UNINITIALIZED_AUTOS = YES_AGGRESSIVE;
				GCC_WARN_UNUSED_FUNCTION = YES;
				GCC_WARN_UNUSED_VARIABLE = YES;
				IPHONEOS_DEPLOYMENT_TARGET = 12.0;
				MTL_ENABLE_DEBUG_INFO = INCLUDE_SOURCE;
				MTL_FAST_MATH = YES;
				ONLY_ACTIVE_ARCH = YES;
				SDKROOT = iphoneos;
				SWIFT_ACTIVE_COMPILATION_CONDITIONS = DEBUG;
				SWIFT_OPTIMIZATION_LEVEL = "-Onone";
			};
			name = Debug;
		};
		04E853092161BC6F00F8C439 /* Release */ = {
			isa = XCBuildConfiguration;
			buildSettings = {
				ALWAYS_SEARCH_USER_PATHS = NO;
				CLANG_ANALYZER_NONNULL = YES;
				CLANG_ANALYZER_NUMBER_OBJECT_CONVERSION = YES_AGGRESSIVE;
				CLANG_CXX_LANGUAGE_STANDARD = "gnu++14";
				CLANG_CXX_LIBRARY = "libc++";
				CLANG_ENABLE_MODULES = YES;
				CLANG_ENABLE_OBJC_ARC = YES;
				CLANG_ENABLE_OBJC_WEAK = YES;
				CLANG_WARN_BLOCK_CAPTURE_AUTORELEASING = YES;
				CLANG_WARN_BOOL_CONVERSION = YES;
				CLANG_WARN_COMMA = YES;
				CLANG_WARN_CONSTANT_CONVERSION = YES;
				CLANG_WARN_DEPRECATED_OBJC_IMPLEMENTATIONS = YES;
				CLANG_WARN_DIRECT_OBJC_ISA_USAGE = YES_ERROR;
				CLANG_WARN_DOCUMENTATION_COMMENTS = YES;
				CLANG_WARN_EMPTY_BODY = YES;
				CLANG_WARN_ENUM_CONVERSION = YES;
				CLANG_WARN_INFINITE_RECURSION = YES;
				CLANG_WARN_INT_CONVERSION = YES;
				CLANG_WARN_NON_LITERAL_NULL_CONVERSION = YES;
				CLANG_WARN_OBJC_IMPLICIT_RETAIN_SELF = YES;
				CLANG_WARN_OBJC_LITERAL_CONVERSION = YES;
				CLANG_WARN_OBJC_ROOT_CLASS = YES_ERROR;
				CLANG_WARN_RANGE_LOOP_ANALYSIS = YES;
				CLANG_WARN_STRICT_PROTOTYPES = YES;
				CLANG_WARN_SUSPICIOUS_MOVE = YES;
				CLANG_WARN_UNGUARDED_AVAILABILITY = YES_AGGRESSIVE;
				CLANG_WARN_UNREACHABLE_CODE = YES;
				CLANG_WARN__DUPLICATE_METHOD_MATCH = YES;
				CODE_SIGN_IDENTITY = "iPhone Developer";
				COPY_PHASE_STRIP = NO;
				DEBUG_INFORMATION_FORMAT = "dwarf-with-dsym";
				ENABLE_NS_ASSERTIONS = NO;
				ENABLE_STRICT_OBJC_MSGSEND = YES;
				GCC_C_LANGUAGE_STANDARD = gnu11;
				GCC_NO_COMMON_BLOCKS = YES;
				GCC_WARN_64_TO_32_BIT_CONVERSION = YES;
				GCC_WARN_ABOUT_RETURN_TYPE = YES_ERROR;
				GCC_WARN_UNDECLARED_SELECTOR = YES;
				GCC_WARN_UNINITIALIZED_AUTOS = YES_AGGRESSIVE;
				GCC_WARN_UNUSED_FUNCTION = YES;
				GCC_WARN_UNUSED_VARIABLE = YES;
				IPHONEOS_DEPLOYMENT_TARGET = 12.0;
				MTL_ENABLE_DEBUG_INFO = NO;
				MTL_FAST_MATH = YES;
				SDKROOT = iphoneos;
				SWIFT_COMPILATION_MODE = wholemodule;
				SWIFT_OPTIMIZATION_LEVEL = "-O";
				VALIDATE_PRODUCT = YES;
			};
			name = Release;
		};
		04E8530B2161BC6F00F8C439 /* Debug */ = {
			isa = XCBuildConfiguration;
			buildSettings = {
				ASSETCATALOG_COMPILER_APPICON_NAME = AppIcon;
				CODE_SIGN_STYLE = Automatic;
				DEVELOPMENT_TEAM = Y6JY4Y23L4;
				INFOPLIST_FILE = "Book Logger/Info.plist";
				LD_RUNPATH_SEARCH_PATHS = (
					"$(inherited)",
					"@executable_path/Frameworks",
				);
				PRODUCT_BUNDLE_IDENTIFIER = "com.NC.Book-Logger";
				PRODUCT_NAME = "$(TARGET_NAME)";
				SWIFT_VERSION = 4.2;
				TARGETED_DEVICE_FAMILY = "1,2";
			};
			name = Debug;
		};
		04E8530C2161BC6F00F8C439 /* Release */ = {
			isa = XCBuildConfiguration;
			buildSettings = {
				ASSETCATALOG_COMPILER_APPICON_NAME = AppIcon;
				CODE_SIGN_STYLE = Automatic;
				DEVELOPMENT_TEAM = Y6JY4Y23L4;
				INFOPLIST_FILE = "Book Logger/Info.plist";
				LD_RUNPATH_SEARCH_PATHS = (
					"$(inherited)",
					"@executable_path/Frameworks",
				);
				PRODUCT_BUNDLE_IDENTIFIER = "com.NC.Book-Logger";
				PRODUCT_NAME = "$(TARGET_NAME)";
				SWIFT_VERSION = 4.2;
				TARGETED_DEVICE_FAMILY = "1,2";
			};
			name = Release;
		};
/* End XCBuildConfiguration section */

/* Begin XCConfigurationList section */
		04E852F32161BC6D00F8C439 /* Build configuration list for PBXProject "Book Logger" */ = {
			isa = XCConfigurationList;
			buildConfigurations = (
				04E853082161BC6F00F8C439 /* Debug */,
				04E853092161BC6F00F8C439 /* Release */,
			);
			defaultConfigurationIsVisible = 0;
			defaultConfigurationName = Release;
		};
		04E8530A2161BC6F00F8C439 /* Build configuration list for PBXNativeTarget "Book Logger" */ = {
			isa = XCConfigurationList;
			buildConfigurations = (
				04E8530B2161BC6F00F8C439 /* Debug */,
				04E8530C2161BC6F00F8C439 /* Release */,
			);
			defaultConfigurationIsVisible = 0;
			defaultConfigurationName = Release;
		};
/* End XCConfigurationList section */
	};
	rootObject = 04E852F02161BC6D00F8C439 /* Project object */;
}
