// !$*UTF8*$!
{
	archiveVersion = 1;
	classes = {
	};
	objectVersion = 50;
	objects = {

/* Begin PBXBuildFile section */
		042C48C321753D50003F2C42 /* PageController.swift in Sources */ = {isa = PBXBuildFile; fileRef = 042C48C221753D50003F2C42 /* PageController.swift */; };
		042C48C52175405C003F2C42 /* PagesController.swift in Sources */ = {isa = PBXBuildFile; fileRef = 042C48C42175405C003F2C42 /* PagesController.swift */; };
		042C48C7217540F5003F2C42 /* BooksController.swift in Sources */ = {isa = PBXBuildFile; fileRef = 042C48C6217540F5003F2C42 /* BooksController.swift */; };
		04AA9AAD2177A453004F2496 /* BookCell.swift in Sources */ = {isa = PBXBuildFile; fileRef = 04AA9AAC2177A453004F2496 /* BookCell.swift */; };
		04AA9AAF2177A56D004F2496 /* PageCell.swift in Sources */ = {isa = PBXBuildFile; fileRef = 04AA9AAE2177A56D004F2496 /* PageCell.swift */; };
		04E852FC2161BC6D00F8C439 /* AppDelegate.swift in Sources */ = {isa = PBXBuildFile; fileRef = 04E852FB2161BC6D00F8C439 /* AppDelegate.swift */; };
		04E852FE2161BC6D00F8C439 /* ViewController.swift in Sources */ = {isa = PBXBuildFile; fileRef = 04E852FD2161BC6D00F8C439 /* ViewController.swift */; };
		04E853012161BC6E00F8C439 /* Main.storyboard in Resources */ = {isa = PBXBuildFile; fileRef = 04E852FF2161BC6E00F8C439 /* Main.storyboard */; };
		04E853032161BC6F00F8C439 /* Assets.xcassets in Resources */ = {isa = PBXBuildFile; fileRef = 04E853022161BC6F00F8C439 /* Assets.xcassets */; };
		04E853062161BC6F00F8C439 /* LaunchScreen.storyboard in Resources */ = {isa = PBXBuildFile; fileRef = 04E853042161BC6F00F8C439 /* LaunchScreen.storyboard */; };
		04E8530E2161C8CB00F8C439 /* CollectionViewController.swift in Sources */ = {isa = PBXBuildFile; fileRef = 04E8530D2161C8CB00F8C439 /* CollectionViewController.swift */; };
		384ECBEC21B84BF0006AF2EA /* PagesEditController.swift in Sources */ = {isa = PBXBuildFile; fileRef = 384ECBEB21B84BF0006AF2EA /* PagesEditController.swift */; };
		495F823621B83CE400A63741 /* BooksEditController.swift in Sources */ = {isa = PBXBuildFile; fileRef = 495F823521B83CE400A63741 /* BooksEditController.swift */; };
		49FF7F99218D4AE900DC4604 /* tessdata in Resources */ = {isa = PBXBuildFile; fileRef = 49FF7F98218D4AE900DC4604 /* tessdata */; };
		49FF7F9B218D4B7500DC4604 /* libstdc++.tbd in Frameworks */ = {isa = PBXBuildFile; fileRef = 49FF7F9A218D4B7500DC4604 /* libstdc++.tbd */; };
		49FF7F9D218D4B8900DC4604 /* CoreImage.framework in Frameworks */ = {isa = PBXBuildFile; fileRef = 49FF7F9C218D4B8900DC4604 /* CoreImage.framework */; };
		49FF7F9F218D4B9D00DC4604 /* TesseractOCR.framework in Frameworks */ = {isa = PBXBuildFile; fileRef = 49FF7F9E218D4B9D00DC4604 /* TesseractOCR.framework */; };
		FF7C2F3B769A25CEC2252DE8 /* Pods_Book_Logger.framework in Frameworks */ = {isa = PBXBuildFile; fileRef = F72318FE5F3D6C7BE29F3D5B /* Pods_Book_Logger.framework */; };
/* End PBXBuildFile section */

/* Begin PBXFileReference section */
		042C48C221753D50003F2C42 /* PageController.swift */ = {isa = PBXFileReference; lastKnownFileType = sourcecode.swift; path = PageController.swift; sourceTree = "<group>"; };
		042C48C42175405C003F2C42 /* PagesController.swift */ = {isa = PBXFileReference; lastKnownFileType = sourcecode.swift; path = PagesController.swift; sourceTree = "<group>"; };
		042C48C6217540F5003F2C42 /* BooksController.swift */ = {isa = PBXFileReference; lastKnownFileType = sourcecode.swift; path = BooksController.swift; sourceTree = "<group>"; };
		04AA9AAC2177A453004F2496 /* BookCell.swift */ = {isa = PBXFileReference; lastKnownFileType = sourcecode.swift; path = BookCell.swift; sourceTree = "<group>"; };
		04AA9AAE2177A56D004F2496 /* PageCell.swift */ = {isa = PBXFileReference; lastKnownFileType = sourcecode.swift; path = PageCell.swift; sourceTree = "<group>"; };
		04E852F82161BC6D00F8C439 /* Book Logger.app */ = {isa = PBXFileReference; explicitFileType = wrapper.application; includeInIndex = 0; path = "Book Logger.app"; sourceTree = BUILT_PRODUCTS_DIR; };
		04E852FB2161BC6D00F8C439 /* AppDelegate.swift */ = {isa = PBXFileReference; lastKnownFileType = sourcecode.swift; path = AppDelegate.swift; sourceTree = "<group>"; };
		04E852FD2161BC6D00F8C439 /* ViewController.swift */ = {isa = PBXFileReference; lastKnownFileType = sourcecode.swift; path = ViewController.swift; sourceTree = "<group>"; };
		04E853002161BC6E00F8C439 /* Base */ = {isa = PBXFileReference; lastKnownFileType = file.storyboard; name = Base; path = Base.lproj/Main.storyboard; sourceTree = "<group>"; };
		04E853022161BC6F00F8C439 /* Assets.xcassets */ = {isa = PBXFileReference; lastKnownFileType = folder.assetcatalog; path = Assets.xcassets; sourceTree = "<group>"; };
		04E853052161BC6F00F8C439 /* Base */ = {isa = PBXFileReference; lastKnownFileType = file.storyboard; name = Base; path = Base.lproj/LaunchScreen.storyboard; sourceTree = "<group>"; };
		04E853072161BC6F00F8C439 /* Info.plist */ = {isa = PBXFileReference; lastKnownFileType = text.plist.xml; path = Info.plist; sourceTree = "<group>"; };
		04E8530D2161C8CB00F8C439 /* CollectionViewController.swift */ = {isa = PBXFileReference; lastKnownFileType = sourcecode.swift; path = CollectionViewController.swift; sourceTree = "<group>"; };
		384ECBEB21B84BF0006AF2EA /* PagesEditController.swift */ = {isa = PBXFileReference; lastKnownFileType = sourcecode.swift; path = PagesEditController.swift; sourceTree = "<group>"; };
		495F823521B83CE400A63741 /* BooksEditController.swift */ = {isa = PBXFileReference; lastKnownFileType = sourcecode.swift; path = BooksEditController.swift; sourceTree = "<group>"; };
		49FF7F98218D4AE900DC4604 /* tessdata */ = {isa = PBXFileReference; lastKnownFileType = folder; path = tessdata; sourceTree = "<group>"; };
		49FF7F9A218D4B7500DC4604 /* libstdc++.tbd */ = {isa = PBXFileReference; lastKnownFileType = "sourcecode.text-based-dylib-definition"; name = "libstdc++.tbd"; path = "usr/lib/libstdc++.tbd"; sourceTree = SDKROOT; };
		49FF7F9C218D4B8900DC4604 /* CoreImage.framework */ = {isa = PBXFileReference; lastKnownFileType = wrapper.framework; name = CoreImage.framework; path = System/Library/Frameworks/CoreImage.framework; sourceTree = SDKROOT; };
		49FF7F9E218D4B9D00DC4604 /* TesseractOCR.framework */ = {isa = PBXFileReference; explicitFileType = wrapper.framework; path = TesseractOCR.framework; sourceTree = BUILT_PRODUCTS_DIR; };
		6D00FBBDA3A049386E989C21 /* Pods-Book Logger.debug.xcconfig */ = {isa = PBXFileReference; includeInIndex = 1; lastKnownFileType = text.xcconfig; name = "Pods-Book Logger.debug.xcconfig"; path = "Pods/Target Support Files/Pods-Book Logger/Pods-Book Logger.debug.xcconfig"; sourceTree = "<group>"; };
		9F1388A0296C18064E9BEA03 /* Pods-Book Logger.release.xcconfig */ = {isa = PBXFileReference; includeInIndex = 1; lastKnownFileType = text.xcconfig; name = "Pods-Book Logger.release.xcconfig"; path = "Pods/Target Support Files/Pods-Book Logger/Pods-Book Logger.release.xcconfig"; sourceTree = "<group>"; };
		F72318FE5F3D6C7BE29F3D5B /* Pods_Book_Logger.framework */ = {isa = PBXFileReference; explicitFileType = wrapper.framework; includeInIndex = 0; path = Pods_Book_Logger.framework; sourceTree = BUILT_PRODUCTS_DIR; };
/* End PBXFileReference section */

/* Begin PBXFrameworksBuildPhase section */
		04E852F52161BC6D00F8C439 /* Frameworks */ = {
			isa = PBXFrameworksBuildPhase;
			buildActionMask = 2147483647;
			files = (
				49FF7F9F218D4B9D00DC4604 /* TesseractOCR.framework in Frameworks */,
				49FF7F9D218D4B8900DC4604 /* CoreImage.framework in Frameworks */,
				49FF7F9B218D4B7500DC4604 /* libstdc++.tbd in Frameworks */,
				FF7C2F3B769A25CEC2252DE8 /* Pods_Book_Logger.framework in Frameworks */,
			);
			runOnlyForDeploymentPostprocessing = 0;
		};
/* End PBXFrameworksBuildPhase section */

/* Begin PBXGroup section */
		04E852EF2161BC6D00F8C439 = {
			isa = PBXGroup;
			children = (
				04E852FA2161BC6D00F8C439 /* Book Logger */,
				04E852F92161BC6D00F8C439 /* Products */,
				9EE620536D3B17E766A5F8FA /* Pods */,
				E484BCC9DF8E6D507C6E1A08 /* Frameworks */,
			);
			sourceTree = "<group>";
		};
		04E852F92161BC6D00F8C439 /* Products */ = {
			isa = PBXGroup;
			children = (
				04E852F82161BC6D00F8C439 /* Book Logger.app */,
			);
			name = Products;
			sourceTree = "<group>";
		};
		04E852FA2161BC6D00F8C439 /* Book Logger */ = {
			isa = PBXGroup;
			children = (
				495F823521B83CE400A63741 /* BooksEditController.swift */,
				384ECBEB21B84BF0006AF2EA /* PagesEditController.swift */,
				49FF7F98218D4AE900DC4604 /* tessdata */,
				04E852FB2161BC6D00F8C439 /* AppDelegate.swift */,
				04E852FD2161BC6D00F8C439 /* ViewController.swift */,
				04E852FF2161BC6E00F8C439 /* Main.storyboard */,
				04E853022161BC6F00F8C439 /* Assets.xcassets */,
				04E853042161BC6F00F8C439 /* LaunchScreen.storyboard */,
				04E853072161BC6F00F8C439 /* Info.plist */,
				04E8530D2161C8CB00F8C439 /* CollectionViewController.swift */,
				042C48C221753D50003F2C42 /* PageController.swift */,
				042C48C42175405C003F2C42 /* PagesController.swift */,
				042C48C6217540F5003F2C42 /* BooksController.swift */,
				04AA9AAC2177A453004F2496 /* BookCell.swift */,
				04AA9AAE2177A56D004F2496 /* PageCell.swift */,
			);
			path = "Book Logger";
			sourceTree = "<group>";
		};
		9EE620536D3B17E766A5F8FA /* Pods */ = {
			isa = PBXGroup;
			children = (
				6D00FBBDA3A049386E989C21 /* Pods-Book Logger.debug.xcconfig */,
				9F1388A0296C18064E9BEA03 /* Pods-Book Logger.release.xcconfig */,
			);
			name = Pods;
			sourceTree = "<group>";
		};
		E484BCC9DF8E6D507C6E1A08 /* Frameworks */ = {
			isa = PBXGroup;
			children = (
				49FF7F9E218D4B9D00DC4604 /* TesseractOCR.framework */,
				49FF7F9C218D4B8900DC4604 /* CoreImage.framework */,
				49FF7F9A218D4B7500DC4604 /* libstdc++.tbd */,
				F72318FE5F3D6C7BE29F3D5B /* Pods_Book_Logger.framework */,
			);
			name = Frameworks;
			sourceTree = "<group>";
		};
/* End PBXGroup section */

/* Begin PBXNativeTarget section */
		04E852F72161BC6D00F8C439 /* Book Logger */ = {
			isa = PBXNativeTarget;
			buildConfigurationList = 04E8530A2161BC6F00F8C439 /* Build configuration list for PBXNativeTarget "Book Logger" */;
			buildPhases = (
				505583C01A8E92DC528A747B /* [CP] Check Pods Manifest.lock */,
				04E852F42161BC6D00F8C439 /* Sources */,
				04E852F52161BC6D00F8C439 /* Frameworks */,
				04E852F62161BC6D00F8C439 /* Resources */,
				91A70AEB6DF744BF7FA8E4FC /* [CP] Embed Pods Frameworks */,
			);
			buildRules = (
			);
			dependencies = (
			);
			name = "Book Logger";
			productName = "Book Logger";
			productReference = 04E852F82161BC6D00F8C439 /* Book Logger.app */;
			productType = "com.apple.product-type.application";
		};
/* End PBXNativeTarget section */

/* Begin PBXProject section */
		04E852F02161BC6D00F8C439 /* Project object */ = {
			isa = PBXProject;
			attributes = {
				LastSwiftUpdateCheck = 1000;
				LastUpgradeCheck = 1000;
				ORGANIZATIONNAME = NC;
				TargetAttributes = {
					04E852F72161BC6D00F8C439 = {
						CreatedOnToolsVersion = 10.0;
					};
				};
			};
			buildConfigurationList = 04E852F32161BC6D00F8C439 /* Build configuration list for PBXProject "Book Logger" */;
			compatibilityVersion = "Xcode 9.3";
			developmentRegion = en;
			hasScannedForEncodings = 0;
			knownRegions = (
				en,
				Base,
			);
			mainGroup = 04E852EF2161BC6D00F8C439;
			productRefGroup = 04E852F92161BC6D00F8C439 /* Products */;
			projectDirPath = "";
			projectRoot = "";
			targets = (
				04E852F72161BC6D00F8C439 /* Book Logger */,
			);
		};
/* End PBXProject section */

/* Begin PBXResourcesBuildPhase section */
		04E852F62161BC6D00F8C439 /* Resources */ = {
			isa = PBXResourcesBuildPhase;
			buildActionMask = 2147483647;
			files = (
				04E853062161BC6F00F8C439 /* LaunchScreen.storyboard in Resources */,
				49FF7F99218D4AE900DC4604 /* tessdata in Resources */,
				04E853032161BC6F00F8C439 /* Assets.xcassets in Resources */,
				04E853012161BC6E00F8C439 /* Main.storyboard in Resources */,
			);
			runOnlyForDeploymentPostprocessing = 0;
		};
/* End PBXResourcesBuildPhase section */

/* Begin PBXShellScriptBuildPhase section */
		505583C01A8E92DC528A747B /* [CP] Check Pods Manifest.lock */ = {
			isa = PBXShellScriptBuildPhase;
			buildActionMask = 2147483647;
			files = (
			);
			inputPaths = (
				"${PODS_PODFILE_DIR_PATH}/Podfile.lock",
				"${PODS_ROOT}/Manifest.lock",
			);
			name = "[CP] Check Pods Manifest.lock";
			outputPaths = (
				"$(DERIVED_FILE_DIR)/Pods-Book Logger-checkManifestLockResult.txt",
			);
			runOnlyForDeploymentPostprocessing = 0;
			shellPath = /bin/sh;
			shellScript = "diff \"${PODS_PODFILE_DIR_PATH}/Podfile.lock\" \"${PODS_ROOT}/Manifest.lock\" > /dev/null\nif [ $? != 0 ] ; then\n    # print error to STDERR\n    echo \"error: The sandbox is not in sync with the Podfile.lock. Run 'pod install' or update your CocoaPods installation.\" >&2\n    exit 1\nfi\n# This output is used by Xcode 'outputs' to avoid re-running this script phase.\necho \"SUCCESS\" > \"${SCRIPT_OUTPUT_FILE_0}\"\n";
			showEnvVarsInLog = 0;
		};
		91A70AEB6DF744BF7FA8E4FC /* [CP] Embed Pods Frameworks */ = {
			isa = PBXShellScriptBuildPhase;
			buildActionMask = 2147483647;
			files = (
			);
			inputPaths = (
				"${SRCROOT}/Pods/Target Support Files/Pods-Book Logger/Pods-Book Logger-frameworks.sh",
				"${BUILT_PRODUCTS_DIR}/TesseractOCRiOS/TesseractOCR.framework",
			);
			name = "[CP] Embed Pods Frameworks";
			outputPaths = (
				"${TARGET_BUILD_DIR}/${FRAMEWORKS_FOLDER_PATH}/TesseractOCR.framework",
			);
			runOnlyForDeploymentPostprocessing = 0;
			shellPath = /bin/sh;
			shellScript = "\"${SRCROOT}/Pods/Target Support Files/Pods-Book Logger/Pods-Book Logger-frameworks.sh\"\n";
			showEnvVarsInLog = 0;
		};
/* End PBXShellScriptBuildPhase section */

/* Begin PBXSourcesBuildPhase section */
		04E852F42161BC6D00F8C439 /* Sources */ = {
			isa = PBXSourcesBuildPhase;
			buildActionMask = 2147483647;
			files = (
				495F823621B83CE400A63741 /* BooksEditController.swift in Sources */,
				04E8530E2161C8CB00F8C439 /* CollectionViewController.swift in Sources */,
				384ECBEC21B84BF0006AF2EA /* PagesEditController.swift in Sources */,
				04E852FE2161BC6D00F8C439 /* ViewController.swift in Sources */,
				042C48C52175405C003F2C42 /* PagesController.swift in Sources */,
				04AA9AAD2177A453004F2496 /* BookCell.swift in Sources */,
				04E852FC2161BC6D00F8C439 /* AppDelegate.swift in Sources */,
				042C48C7217540F5003F2C42 /* BooksController.swift in Sources */,
				04AA9AAF2177A56D004F2496 /* PageCell.swift in Sources */,
				042C48C321753D50003F2C42 /* PageController.swift in Sources */,
			);
			runOnlyForDeploymentPostprocessing = 0;
		};
/* End PBXSourcesBuildPhase section */

/* Begin PBXVariantGroup section */
		04E852FF2161BC6E00F8C439 /* Main.storyboard */ = {
			isa = PBXVariantGroup;
			children = (
				04E853002161BC6E00F8C439 /* Base */,
			);
			name = Main.storyboard;
			sourceTree = "<group>";
		};
		04E853042161BC6F00F8C439 /* LaunchScreen.storyboard */ = {
			isa = PBXVariantGroup;
			children = (
				04E853052161BC6F00F8C439 /* Base */,
			);
			name = LaunchScreen.storyboard;
			sourceTree = "<group>";
		};
/* End PBXVariantGroup section */

/* Begin XCBuildConfiguration section */
		04E853082161BC6F00F8C439 /* Debug */ = {
			isa = XCBuildConfiguration;
			buildSettings = {
				ALWAYS_SEARCH_USER_PATHS = NO;
				CLANG_ANALYZER_NONNULL = YES;
				CLANG_ANALYZER_NUMBER_OBJECT_CONVERSION = YES_AGGRESSIVE;
				CLANG_CXX_LANGUAGE_STANDARD = "gnu++14";
				CLANG_CXX_LIBRARY = "libc++";
				CLANG_ENABLE_MODULES = YES;
				CLANG_ENABLE_OBJC_ARC = YES;
				CLANG_ENABLE_OBJC_WEAK = YES;
				CLANG_WARN_BLOCK_CAPTURE_AUTORELEASING = YES;
				CLANG_WARN_BOOL_CONVERSION = YES;
				CLANG_WARN_COMMA = YES;
				CLANG_WARN_CONSTANT_CONVERSION = YES;
				CLANG_WARN_DEPRECATED_OBJC_IMPLEMENTATIONS = YES;
				CLANG_WARN_DIRECT_OBJC_ISA_USAGE = YES_ERROR;
				CLANG_WARN_DOCUMENTATION_COMMENTS = YES;
				CLANG_WARN_EMPTY_BODY = YES;
				CLANG_WARN_ENUM_CONVERSION = YES;
				CLANG_WARN_INFINITE_RECURSION = YES;
				CLANG_WARN_INT_CONVERSION = YES;
				CLANG_WARN_NON_LITERAL_NULL_CONVERSION = YES;
				CLANG_WARN_OBJC_IMPLICIT_RETAIN_SELF = YES;
				CLANG_WARN_OBJC_LITERAL_CONVERSION = YES;
				CLANG_WARN_OBJC_ROOT_CLASS = YES_ERROR;
				CLANG_WARN_RANGE_LOOP_ANALYSIS = YES;
				CLANG_WARN_STRICT_PROTOTYPES = YES;
				CLANG_WARN_SUSPICIOUS_MOVE = YES;
				CLANG_WARN_UNGUARDED_AVAILABILITY = YES_AGGRESSIVE;
				CLANG_WARN_UNREACHABLE_CODE = YES;
				CLANG_WARN__DUPLICATE_METHOD_MATCH = YES;
				CODE_SIGN_IDENTITY = "iPhone Developer";
				COPY_PHASE_STRIP = NO;
				DEBUG_INFORMATION_FORMAT = dwarf;
				ENABLE_STRICT_OBJC_MSGSEND = YES;
				ENABLE_TESTABILITY = YES;
				GCC_C_LANGUAGE_STANDARD = gnu11;
				GCC_DYNAMIC_NO_PIC = NO;
				GCC_NO_COMMON_BLOCKS = YES;
				GCC_OPTIMIZATION_LEVEL = 0;
				GCC_PREPROCESSOR_DEFINITIONS = (
					"DEBUG=1",
					"$(inherited)",
				);
				GCC_WARN_64_TO_32_BIT_CONVERSION = YES;
				GCC_WARN_ABOUT_RETURN_TYPE = YES_ERROR;
				GCC_WARN_UNDECLARED_SELECTOR = YES;
				GCC_WARN_UNINITIALIZED_AUTOS = YES_AGGRESSIVE;
				GCC_WARN_UNUSED_FUNCTION = YES;
				GCC_WARN_UNUSED_VARIABLE = YES;
				IPHONEOS_DEPLOYMENT_TARGET = 12.0;
				MTL_ENABLE_DEBUG_INFO = INCLUDE_SOURCE;
				MTL_FAST_MATH = YES;
				ONLY_ACTIVE_ARCH = YES;
				SDKROOT = iphoneos;
				SWIFT_ACTIVE_COMPILATION_CONDITIONS = DEBUG;
				SWIFT_OPTIMIZATION_LEVEL = "-Onone";
			};
			name = Debug;
		};
		04E853092161BC6F00F8C439 /* Release */ = {
			isa = XCBuildConfiguration;
			buildSettings = {
				ALWAYS_SEARCH_USER_PATHS = NO;
				CLANG_ANALYZER_NONNULL = YES;
				CLANG_ANALYZER_NUMBER_OBJECT_CONVERSION = YES_AGGRESSIVE;
				CLANG_CXX_LANGUAGE_STANDARD = "gnu++14";
				CLANG_CXX_LIBRARY = "libc++";
				CLANG_ENABLE_MODULES = YES;
				CLANG_ENABLE_OBJC_ARC = YES;
				CLANG_ENABLE_OBJC_WEAK = YES;
				CLANG_WARN_BLOCK_CAPTURE_AUTORELEASING = YES;
				CLANG_WARN_BOOL_CONVERSION = YES;
				CLANG_WARN_COMMA = YES;
				CLANG_WARN_CONSTANT_CONVERSION = YES;
				CLANG_WARN_DEPRECATED_OBJC_IMPLEMENTATIONS = YES;
				CLANG_WARN_DIRECT_OBJC_ISA_USAGE = YES_ERROR;
				CLANG_WARN_DOCUMENTATION_COMMENTS = YES;
				CLANG_WARN_EMPTY_BODY = YES;
				CLANG_WARN_ENUM_CONVERSION = YES;
				CLANG_WARN_INFINITE_RECURSION = YES;
				CLANG_WARN_INT_CONVERSION = YES;
				CLANG_WARN_NON_LITERAL_NULL_CONVERSION = YES;
				CLANG_WARN_OBJC_IMPLICIT_RETAIN_SELF = YES;
				CLANG_WARN_OBJC_LITERAL_CONVERSION = YES;
				CLANG_WARN_OBJC_ROOT_CLASS = YES_ERROR;
				CLANG_WARN_RANGE_LOOP_ANALYSIS = YES;
				CLANG_WARN_STRICT_PROTOTYPES = YES;
				CLANG_WARN_SUSPICIOUS_MOVE = YES;
				CLANG_WARN_UNGUARDED_AVAILABILITY = YES_AGGRESSIVE;
				CLANG_WARN_UNREACHABLE_CODE = YES;
				CLANG_WARN__DUPLICATE_METHOD_MATCH = YES;
				CODE_SIGN_IDENTITY = "iPhone Developer";
				COPY_PHASE_STRIP = NO;
				DEBUG_INFORMATION_FORMAT = "dwarf-with-dsym";
				ENABLE_NS_ASSERTIONS = NO;
				ENABLE_STRICT_OBJC_MSGSEND = YES;
				GCC_C_LANGUAGE_STANDARD = gnu11;
				GCC_NO_COMMON_BLOCKS = YES;
				GCC_WARN_64_TO_32_BIT_CONVERSION = YES;
				GCC_WARN_ABOUT_RETURN_TYPE = YES_ERROR;
				GCC_WARN_UNDECLARED_SELECTOR = YES;
				GCC_WARN_UNINITIALIZED_AUTOS = YES_AGGRESSIVE;
				GCC_WARN_UNUSED_FUNCTION = YES;
				GCC_WARN_UNUSED_VARIABLE = YES;
				IPHONEOS_DEPLOYMENT_TARGET = 12.0;
				MTL_ENABLE_DEBUG_INFO = NO;
				MTL_FAST_MATH = YES;
				SDKROOT = iphoneos;
				SWIFT_COMPILATION_MODE = wholemodule;
				SWIFT_OPTIMIZATION_LEVEL = "-O";
				VALIDATE_PRODUCT = YES;
			};
			name = Release;
		};
		04E8530B2161BC6F00F8C439 /* Debug */ = {
			isa = XCBuildConfiguration;
			baseConfigurationReference = 6D00FBBDA3A049386E989C21 /* Pods-Book Logger.debug.xcconfig */;
			buildSettings = {
				ASSETCATALOG_COMPILER_APPICON_NAME = AppIcon;
				CODE_SIGN_STYLE = Automatic;
				DEVELOPMENT_TEAM = Y6JY4Y23L4;
				ENABLE_BITCODE = NO;
				INFOPLIST_FILE = "Book Logger/Info.plist";
				IPHONEOS_DEPLOYMENT_TARGET = 11.4;
				LD_RUNPATH_SEARCH_PATHS = (
					"$(inherited)",
					"@executable_path/Frameworks",
				);
				PRODUCT_BUNDLE_IDENTIFIER = "com.NC.Book-Logger";
				PRODUCT_NAME = "$(TARGET_NAME)";
				SWIFT_VERSION = 4.2;
				TARGETED_DEVICE_FAMILY = "1,2";
			};
			name = Debug;
		};
		04E8530C2161BC6F00F8C439 /* Release */ = {
			isa = XCBuildConfiguration;
			baseConfigurationReference = 9F1388A0296C18064E9BEA03 /* Pods-Book Logger.release.xcconfig */;
			buildSettings = {
				ASSETCATALOG_COMPILER_APPICON_NAME = AppIcon;
				CODE_SIGN_STYLE = Automatic;
				DEVELOPMENT_TEAM = Y6JY4Y23L4;
				ENABLE_BITCODE = NO;
				INFOPLIST_FILE = "Book Logger/Info.plist";
				IPHONEOS_DEPLOYMENT_TARGET = 11.4;
				LD_RUNPATH_SEARCH_PATHS = (
					"$(inherited)",
					"@executable_path/Frameworks",
				);
				PRODUCT_BUNDLE_IDENTIFIER = "com.NC.Book-Logger";
				PRODUCT_NAME = "$(TARGET_NAME)";
				SWIFT_VERSION = 4.2;
				TARGETED_DEVICE_FAMILY = "1,2";
			};
			name = Release;
		};
/* End XCBuildConfiguration section */

/* Begin XCConfigurationList section */
		04E852F32161BC6D00F8C439 /* Build configuration list for PBXProject "Book Logger" */ = {
			isa = XCConfigurationList;
			buildConfigurations = (
				04E853082161BC6F00F8C439 /* Debug */,
				04E853092161BC6F00F8C439 /* Release */,
			);
			defaultConfigurationIsVisible = 0;
			defaultConfigurationName = Release;
		};
		04E8530A2161BC6F00F8C439 /* Build configuration list for PBXNativeTarget "Book Logger" */ = {
			isa = XCConfigurationList;
			buildConfigurations = (
				04E8530B2161BC6F00F8C439 /* Debug */,
				04E8530C2161BC6F00F8C439 /* Release */,
			);
			defaultConfigurationIsVisible = 0;
			defaultConfigurationName = Release;
		};
/* End XCConfigurationList section */
	};
	rootObject = 04E852F02161BC6D00F8C439 /* Project object */;
}
